
Microsoft Visual Studio Solution File, Format Version 12.00
# Visual Studio 15
VisualStudioVersion = 15.0.26430.16
MinimumVisualStudioVersion = 10.0.40219.1
Project("{FAE04EC0-301F-11D3-BF4B-00C04F79EFBC}") = "ForeignExchange.Android", "ForeignExchange\ForeignExchange.Android\ForeignExchange.Android.csproj", "{60F81EF5-8B5F-431E-A842-1C2D758698A9}"
EndProject
Project("{FAE04EC0-301F-11D3-BF4B-00C04F79EFBC}") = "ForeignExchange", "ForeignExchange\ForeignExchange\ForeignExchange.csproj", "{98D896E8-7DF7-4EAC-B1D6-44EF502B7779}"
EndProject
Project("{FAE04EC0-301F-11D3-BF4B-00C04F79EFBC}") = "ForeignExchange.UWP", "ForeignExchange\ForeignExchange.UWP\ForeignExchange.UWP.csproj", "{CB638D5B-359F-4FAD-AA8A-125CA0B40E32}"
EndProject
Project("{FAE04EC0-301F-11D3-BF4B-00C04F79EFBC}") = "ForeignExchange.iOS", "ForeignExchange\ForeignExchange.iOS\ForeignExchange.iOS.csproj", "{458C6C7E-CCA9-4E4D-8854-83BB39D4BC6D}"
EndProject
Global
	GlobalSection(SolutionConfigurationPlatforms) = preSolution
		Ad-Hoc|Any CPU = Ad-Hoc|Any CPU
		Ad-Hoc|ARM = Ad-Hoc|ARM
		Ad-Hoc|iPhone = Ad-Hoc|iPhone
		Ad-Hoc|iPhoneSimulator = Ad-Hoc|iPhoneSimulator
		Ad-Hoc|x64 = Ad-Hoc|x64
		Ad-Hoc|x86 = Ad-Hoc|x86
		AppStore|Any CPU = AppStore|Any CPU
		AppStore|ARM = AppStore|ARM
		AppStore|iPhone = AppStore|iPhone
		AppStore|iPhoneSimulator = AppStore|iPhoneSimulator
		AppStore|x64 = AppStore|x64
		AppStore|x86 = AppStore|x86
		Debug|Any CPU = Debug|Any CPU
		Debug|ARM = Debug|ARM
		Debug|iPhone = Debug|iPhone
		Debug|iPhoneSimulator = Debug|iPhoneSimulator
		Debug|x64 = Debug|x64
		Debug|x86 = Debug|x86
		Release|Any CPU = Release|Any CPU
		Release|ARM = Release|ARM
		Release|iPhone = Release|iPhone
		Release|iPhoneSimulator = Release|iPhoneSimulator
		Release|x64 = Release|x64
		Release|x86 = Release|x86
	EndGlobalSection
	GlobalSection(ProjectConfigurationPlatforms) = postSolution
		{60F81EF5-8B5F-431E-A842-1C2D758698A9}.Ad-Hoc|Any CPU.ActiveCfg = Release|Any CPU
		{60F81EF5-8B5F-431E-A842-1C2D758698A9}.Ad-Hoc|Any CPU.Build.0 = Release|Any CPU
		{60F81EF5-8B5F-431E-A842-1C2D758698A9}.Ad-Hoc|Any CPU.Deploy.0 = Release|Any CPU
		{60F81EF5-8B5F-431E-A842-1C2D758698A9}.Ad-Hoc|ARM.ActiveCfg = Release|Any CPU
		{60F81EF5-8B5F-431E-A842-1C2D758698A9}.Ad-Hoc|ARM.Build.0 = Release|Any CPU
		{60F81EF5-8B5F-431E-A842-1C2D758698A9}.Ad-Hoc|ARM.Deploy.0 = Release|Any CPU
		{60F81EF5-8B5F-431E-A842-1C2D758698A9}.Ad-Hoc|iPhone.ActiveCfg = Release|Any CPU
		{60F81EF5-8B5F-431E-A842-1C2D758698A9}.Ad-Hoc|iPhone.Build.0 = Release|Any CPU
		{60F81EF5-8B5F-431E-A842-1C2D758698A9}.Ad-Hoc|iPhone.Deploy.0 = Release|Any CPU
		{60F81EF5-8B5F-431E-A842-1C2D758698A9}.Ad-Hoc|iPhoneSimulator.ActiveCfg = Release|Any CPU
		{60F81EF5-8B5F-431E-A842-1C2D758698A9}.Ad-Hoc|iPhoneSimulator.Build.0 = Release|Any CPU
		{60F81EF5-8B5F-431E-A842-1C2D758698A9}.Ad-Hoc|iPhoneSimulator.Deploy.0 = Release|Any CPU
		{60F81EF5-8B5F-431E-A842-1C2D758698A9}.Ad-Hoc|x64.ActiveCfg = Release|Any CPU
		{60F81EF5-8B5F-431E-A842-1C2D758698A9}.Ad-Hoc|x64.Build.0 = Release|Any CPU
		{60F81EF5-8B5F-431E-A842-1C2D758698A9}.Ad-Hoc|x64.Deploy.0 = Release|Any CPU
		{60F81EF5-8B5F-431E-A842-1C2D758698A9}.Ad-Hoc|x86.ActiveCfg = Release|Any CPU
		{60F81EF5-8B5F-431E-A842-1C2D758698A9}.Ad-Hoc|x86.Build.0 = Release|Any CPU
		{60F81EF5-8B5F-431E-A842-1C2D758698A9}.Ad-Hoc|x86.Deploy.0 = Release|Any CPU
		{60F81EF5-8B5F-431E-A842-1C2D758698A9}.AppStore|Any CPU.ActiveCfg = Release|Any CPU
		{60F81EF5-8B5F-431E-A842-1C2D758698A9}.AppStore|Any CPU.Build.0 = Release|Any CPU
		{60F81EF5-8B5F-431E-A842-1C2D758698A9}.AppStore|Any CPU.Deploy.0 = Release|Any CPU
		{60F81EF5-8B5F-431E-A842-1C2D758698A9}.AppStore|ARM.ActiveCfg = Release|Any CPU
		{60F81EF5-8B5F-431E-A842-1C2D758698A9}.AppStore|ARM.Build.0 = Release|Any CPU
		{60F81EF5-8B5F-431E-A842-1C2D758698A9}.AppStore|ARM.Deploy.0 = Release|Any CPU
		{60F81EF5-8B5F-431E-A842-1C2D758698A9}.AppStore|iPhone.ActiveCfg = Release|Any CPU
		{60F81EF5-8B5F-431E-A842-1C2D758698A9}.AppStore|iPhone.Build.0 = Release|Any CPU
		{60F81EF5-8B5F-431E-A842-1C2D758698A9}.AppStore|iPhone.Deploy.0 = Release|Any CPU
		{60F81EF5-8B5F-431E-A842-1C2D758698A9}.AppStore|iPhoneSimulator.ActiveCfg = Release|Any CPU
		{60F81EF5-8B5F-431E-A842-1C2D758698A9}.AppStore|iPhoneSimulator.Build.0 = Release|Any CPU
		{60F81EF5-8B5F-431E-A842-1C2D758698A9}.AppStore|iPhoneSimulator.Deploy.0 = Release|Any CPU
		{60F81EF5-8B5F-431E-A842-1C2D758698A9}.AppStore|x64.ActiveCfg = Release|Any CPU
		{60F81EF5-8B5F-431E-A842-1C2D758698A9}.AppStore|x64.Build.0 = Release|Any CPU
		{60F81EF5-8B5F-431E-A842-1C2D758698A9}.AppStore|x64.Deploy.0 = Release|Any CPU
		{60F81EF5-8B5F-431E-A842-1C2D758698A9}.AppStore|x86.ActiveCfg = Release|Any CPU
		{60F81EF5-8B5F-431E-A842-1C2D758698A9}.AppStore|x86.Build.0 = Release|Any CPU
		{60F81EF5-8B5F-431E-A842-1C2D758698A9}.AppStore|x86.Deploy.0 = Release|Any CPU
		{60F81EF5-8B5F-431E-A842-1C2D758698A9}.Debug|Any CPU.ActiveCfg = Debug|Any CPU
		{60F81EF5-8B5F-431E-A842-1C2D758698A9}.Debug|Any CPU.Build.0 = Debug|Any CPU
		{60F81EF5-8B5F-431E-A842-1C2D758698A9}.Debug|Any CPU.Deploy.0 = Debug|Any CPU
		{60F81EF5-8B5F-431E-A842-1C2D758698A9}.Debug|ARM.ActiveCfg = Debug|Any CPU
		{60F81EF5-8B5F-431E-A842-1C2D758698A9}.Debug|ARM.Build.0 = Debug|Any CPU
		{60F81EF5-8B5F-431E-A842-1C2D758698A9}.Debug|ARM.Deploy.0 = Debug|Any CPU
		{60F81EF5-8B5F-431E-A842-1C2D758698A9}.Debug|iPhone.ActiveCfg = Debug|Any CPU
		{60F81EF5-8B5F-431E-A842-1C2D758698A9}.Debug|iPhone.Build.0 = Debug|Any CPU
		{60F81EF5-8B5F-431E-A842-1C2D758698A9}.Debug|iPhone.Deploy.0 = Debug|Any CPU
		{60F81EF5-8B5F-431E-A842-1C2D758698A9}.Debug|iPhoneSimulator.ActiveCfg = Debug|Any CPU
		{60F81EF5-8B5F-431E-A842-1C2D758698A9}.Debug|iPhoneSimulator.Build.0 = Debug|Any CPU
		{60F81EF5-8B5F-431E-A842-1C2D758698A9}.Debug|iPhoneSimulator.Deploy.0 = Debug|Any CPU
		{60F81EF5-8B5F-431E-A842-1C2D758698A9}.Debug|x64.ActiveCfg = Debug|Any CPU
		{60F81EF5-8B5F-431E-A842-1C2D758698A9}.Debug|x64.Build.0 = Debug|Any CPU
		{60F81EF5-8B5F-431E-A842-1C2D758698A9}.Debug|x64.Deploy.0 = Debug|Any CPU
		{60F81EF5-8B5F-431E-A842-1C2D758698A9}.Debug|x86.ActiveCfg = Debug|Any CPU
		{60F81EF5-8B5F-431E-A842-1C2D758698A9}.Debug|x86.Build.0 = Debug|Any CPU
		{60F81EF5-8B5F-431E-A842-1C2D758698A9}.Debug|x86.Deploy.0 = Debug|Any CPU
		{60F81EF5-8B5F-431E-A842-1C2D758698A9}.Release|Any CPU.ActiveCfg = Release|Any CPU
		{60F81EF5-8B5F-431E-A842-1C2D758698A9}.Release|Any CPU.Build.0 = Release|Any CPU
		{60F81EF5-8B5F-431E-A842-1C2D758698A9}.Release|Any CPU.Deploy.0 = Release|Any CPU
		{60F81EF5-8B5F-431E-A842-1C2D758698A9}.Release|ARM.ActiveCfg = Release|Any CPU
		{60F81EF5-8B5F-431E-A842-1C2D758698A9}.Release|ARM.Build.0 = Release|Any CPU
		{60F81EF5-8B5F-431E-A842-1C2D758698A9}.Release|ARM.Deploy.0 = Release|Any CPU
		{60F81EF5-8B5F-431E-A842-1C2D758698A9}.Release|iPhone.ActiveCfg = Release|Any CPU
		{60F81EF5-8B5F-431E-A842-1C2D758698A9}.Release|iPhone.Build.0 = Release|Any CPU
		{60F81EF5-8B5F-431E-A842-1C2D758698A9}.Release|iPhone.Deploy.0 = Release|Any CPU
		{60F81EF5-8B5F-431E-A842-1C2D758698A9}.Release|iPhoneSimulator.ActiveCfg = Release|Any CPU
		{60F81EF5-8B5F-431E-A842-1C2D758698A9}.Release|iPhoneSimulator.Build.0 = Release|Any CPU
		{60F81EF5-8B5F-431E-A842-1C2D758698A9}.Release|iPhoneSimulator.Deploy.0 = Release|Any CPU
		{60F81EF5-8B5F-431E-A842-1C2D758698A9}.Release|x64.ActiveCfg = Release|Any CPU
		{60F81EF5-8B5F-431E-A842-1C2D758698A9}.Release|x64.Build.0 = Release|Any CPU
		{60F81EF5-8B5F-431E-A842-1C2D758698A9}.Release|x64.Deploy.0 = Release|Any CPU
		{60F81EF5-8B5F-431E-A842-1C2D758698A9}.Release|x86.ActiveCfg = Release|Any CPU
		{60F81EF5-8B5F-431E-A842-1C2D758698A9}.Release|x86.Build.0 = Release|Any CPU
		{60F81EF5-8B5F-431E-A842-1C2D758698A9}.Release|x86.Deploy.0 = Release|Any CPU
		{98D896E8-7DF7-4EAC-B1D6-44EF502B7779}.Ad-Hoc|Any CPU.ActiveCfg = Release|Any CPU
		{98D896E8-7DF7-4EAC-B1D6-44EF502B7779}.Ad-Hoc|Any CPU.Build.0 = Release|Any CPU
		{98D896E8-7DF7-4EAC-B1D6-44EF502B7779}.Ad-Hoc|ARM.ActiveCfg = Release|Any CPU
		{98D896E8-7DF7-4EAC-B1D6-44EF502B7779}.Ad-Hoc|ARM.Build.0 = Release|Any CPU
		{98D896E8-7DF7-4EAC-B1D6-44EF502B7779}.Ad-Hoc|iPhone.ActiveCfg = Release|Any CPU
		{98D896E8-7DF7-4EAC-B1D6-44EF502B7779}.Ad-Hoc|iPhone.Build.0 = Release|Any CPU
		{98D896E8-7DF7-4EAC-B1D6-44EF502B7779}.Ad-Hoc|iPhoneSimulator.ActiveCfg = Release|Any CPU
		{98D896E8-7DF7-4EAC-B1D6-44EF502B7779}.Ad-Hoc|iPhoneSimulator.Build.0 = Release|Any CPU
		{98D896E8-7DF7-4EAC-B1D6-44EF502B7779}.Ad-Hoc|x64.ActiveCfg = Release|Any CPU
		{98D896E8-7DF7-4EAC-B1D6-44EF502B7779}.Ad-Hoc|x64.Build.0 = Release|Any CPU
		{98D896E8-7DF7-4EAC-B1D6-44EF502B7779}.Ad-Hoc|x86.ActiveCfg = Release|Any CPU
		{98D896E8-7DF7-4EAC-B1D6-44EF502B7779}.Ad-Hoc|x86.Build.0 = Release|Any CPU
		{98D896E8-7DF7-4EAC-B1D6-44EF502B7779}.AppStore|Any CPU.ActiveCfg = Release|Any CPU
		{98D896E8-7DF7-4EAC-B1D6-44EF502B7779}.AppStore|Any CPU.Build.0 = Release|Any CPU
		{98D896E8-7DF7-4EAC-B1D6-44EF502B7779}.AppStore|ARM.ActiveCfg = Release|Any CPU
		{98D896E8-7DF7-4EAC-B1D6-44EF502B7779}.AppStore|ARM.Build.0 = Release|Any CPU
		{98D896E8-7DF7-4EAC-B1D6-44EF502B7779}.AppStore|iPhone.ActiveCfg = Release|Any CPU
		{98D896E8-7DF7-4EAC-B1D6-44EF502B7779}.AppStore|iPhone.Build.0 = Release|Any CPU
		{98D896E8-7DF7-4EAC-B1D6-44EF502B7779}.AppStore|iPhoneSimulator.ActiveCfg = Release|Any CPU
		{98D896E8-7DF7-4EAC-B1D6-44EF502B7779}.AppStore|iPhoneSimulator.Build.0 = Release|Any CPU
		{98D896E8-7DF7-4EAC-B1D6-44EF502B7779}.AppStore|x64.ActiveCfg = Release|Any CPU
		{98D896E8-7DF7-4EAC-B1D6-44EF502B7779}.AppStore|x64.Build.0 = Release|Any CPU
		{98D896E8-7DF7-4EAC-B1D6-44EF502B7779}.AppStore|x86.ActiveCfg = Release|Any CPU
		{98D896E8-7DF7-4EAC-B1D6-44EF502B7779}.AppStore|x86.Build.0 = Release|Any CPU
		{98D896E8-7DF7-4EAC-B1D6-44EF502B7779}.Debug|Any CPU.ActiveCfg = Debug|Any CPU
		{98D896E8-7DF7-4EAC-B1D6-44EF502B7779}.Debug|Any CPU.Build.0 = Debug|Any CPU
		{98D896E8-7DF7-4EAC-B1D6-44EF502B7779}.Debug|ARM.ActiveCfg = Debug|Any CPU
		{98D896E8-7DF7-4EAC-B1D6-44EF502B7779}.Debug|ARM.Build.0 = Debug|Any CPU
		{98D896E8-7DF7-4EAC-B1D6-44EF502B7779}.Debug|iPhone.ActiveCfg = Debug|Any CPU
		{98D896E8-7DF7-4EAC-B1D6-44EF502B7779}.Debug|iPhone.Build.0 = Debug|Any CPU
		{98D896E8-7DF7-4EAC-B1D6-44EF502B7779}.Debug|iPhoneSimulator.ActiveCfg = Debug|Any CPU
		{98D896E8-7DF7-4EAC-B1D6-44EF502B7779}.Debug|iPhoneSimulator.Build.0 = Debug|Any CPU
		{98D896E8-7DF7-4EAC-B1D6-44EF502B7779}.Debug|x64.ActiveCfg = Debug|Any CPU
		{98D896E8-7DF7-4EAC-B1D6-44EF502B7779}.Debug|x64.Build.0 = Debug|Any CPU
		{98D896E8-7DF7-4EAC-B1D6-44EF502B7779}.Debug|x86.ActiveCfg = Debug|Any CPU
		{98D896E8-7DF7-4EAC-B1D6-44EF502B7779}.Debug|x86.Build.0 = Debug|Any CPU
		{98D896E8-7DF7-4EAC-B1D6-44EF502B7779}.Release|Any CPU.ActiveCfg = Release|Any CPU
		{98D896E8-7DF7-4EAC-B1D6-44EF502B7779}.Release|Any CPU.Build.0 = Release|Any CPU
		{98D896E8-7DF7-4EAC-B1D6-44EF502B7779}.Release|ARM.ActiveCfg = Release|Any CPU
		{98D896E8-7DF7-4EAC-B1D6-44EF502B7779}.Release|ARM.Build.0 = Release|Any CPU
		{98D896E8-7DF7-4EAC-B1D6-44EF502B7779}.Release|iPhone.ActiveCfg = Release|Any CPU
		{98D896E8-7DF7-4EAC-B1D6-44EF502B7779}.Release|iPhone.Build.0 = Release|Any CPU
		{98D896E8-7DF7-4EAC-B1D6-44EF502B7779}.Release|iPhoneSimulator.ActiveCfg = Release|Any CPU
		{98D896E8-7DF7-4EAC-B1D6-44EF502B7779}.Release|iPhoneSimulator.Build.0 = Release|Any CPU
		{98D896E8-7DF7-4EAC-B1D6-44EF502B7779}.Release|x64.ActiveCfg = Release|Any CPU
		{98D896E8-7DF7-4EAC-B1D6-44EF502B7779}.Release|x64.Build.0 = Release|Any CPU
		{98D896E8-7DF7-4EAC-B1D6-44EF502B7779}.Release|x86.ActiveCfg = Release|Any CPU
		{98D896E8-7DF7-4EAC-B1D6-44EF502B7779}.Release|x86.Build.0 = Release|Any CPU
		{CB638D5B-359F-4FAD-AA8A-125CA0B40E32}.Ad-Hoc|Any CPU.ActiveCfg = Release|x86
		{CB638D5B-359F-4FAD-AA8A-125CA0B40E32}.Ad-Hoc|Any CPU.Build.0 = Release|x86
		{CB638D5B-359F-4FAD-AA8A-125CA0B40E32}.Ad-Hoc|Any CPU.Deploy.0 = Release|x86
		{CB638D5B-359F-4FAD-AA8A-125CA0B40E32}.Ad-Hoc|ARM.ActiveCfg = Release|ARM
		{CB638D5B-359F-4FAD-AA8A-125CA0B40E32}.Ad-Hoc|ARM.Build.0 = Release|ARM
		{CB638D5B-359F-4FAD-AA8A-125CA0B40E32}.Ad-Hoc|ARM.Deploy.0 = Release|ARM
		{CB638D5B-359F-4FAD-AA8A-125CA0B40E32}.Ad-Hoc|iPhone.ActiveCfg = Release|x86
		{CB638D5B-359F-4FAD-AA8A-125CA0B40E32}.Ad-Hoc|iPhone.Build.0 = Release|x86
		{CB638D5B-359F-4FAD-AA8A-125CA0B40E32}.Ad-Hoc|iPhone.Deploy.0 = Release|x86
		{CB638D5B-359F-4FAD-AA8A-125CA0B40E32}.Ad-Hoc|iPhoneSimulator.ActiveCfg = Release|x86
		{CB638D5B-359F-4FAD-AA8A-125CA0B40E32}.Ad-Hoc|iPhoneSimulator.Build.0 = Release|x86
		{CB638D5B-359F-4FAD-AA8A-125CA0B40E32}.Ad-Hoc|iPhoneSimulator.Deploy.0 = Release|x86
		{CB638D5B-359F-4FAD-AA8A-125CA0B40E32}.Ad-Hoc|x64.ActiveCfg = Release|x64
		{CB638D5B-359F-4FAD-AA8A-125CA0B40E32}.Ad-Hoc|x64.Build.0 = Release|x64
		{CB638D5B-359F-4FAD-AA8A-125CA0B40E32}.Ad-Hoc|x64.Deploy.0 = Release|x64
		{CB638D5B-359F-4FAD-AA8A-125CA0B40E32}.Ad-Hoc|x86.ActiveCfg = Release|x86
		{CB638D5B-359F-4FAD-AA8A-125CA0B40E32}.Ad-Hoc|x86.Build.0 = Release|x86
		{CB638D5B-359F-4FAD-AA8A-125CA0B40E32}.Ad-Hoc|x86.Deploy.0 = Release|x86
		{CB638D5B-359F-4FAD-AA8A-125CA0B40E32}.AppStore|Any CPU.ActiveCfg = Release|x86
		{CB638D5B-359F-4FAD-AA8A-125CA0B40E32}.AppStore|Any CPU.Build.0 = Release|x86
		{CB638D5B-359F-4FAD-AA8A-125CA0B40E32}.AppStore|Any CPU.Deploy.0 = Release|x86
		{CB638D5B-359F-4FAD-AA8A-125CA0B40E32}.AppStore|ARM.ActiveCfg = Release|ARM
		{CB638D5B-359F-4FAD-AA8A-125CA0B40E32}.AppStore|ARM.Build.0 = Release|ARM
		{CB638D5B-359F-4FAD-AA8A-125CA0B40E32}.AppStore|ARM.Deploy.0 = Release|ARM
		{CB638D5B-359F-4FAD-AA8A-125CA0B40E32}.AppStore|iPhone.ActiveCfg = Release|x86
		{CB638D5B-359F-4FAD-AA8A-125CA0B40E32}.AppStore|iPhone.Build.0 = Release|x86
		{CB638D5B-359F-4FAD-AA8A-125CA0B40E32}.AppStore|iPhone.Deploy.0 = Release|x86
		{CB638D5B-359F-4FAD-AA8A-125CA0B40E32}.AppStore|iPhoneSimulator.ActiveCfg = Release|x86
		{CB638D5B-359F-4FAD-AA8A-125CA0B40E32}.AppStore|iPhoneSimulator.Build.0 = Release|x86
		{CB638D5B-359F-4FAD-AA8A-125CA0B40E32}.AppStore|iPhoneSimulator.Deploy.0 = Release|x86
		{CB638D5B-359F-4FAD-AA8A-125CA0B40E32}.AppStore|x64.ActiveCfg = Release|x64
		{CB638D5B-359F-4FAD-AA8A-125CA0B40E32}.AppStore|x64.Build.0 = Release|x64
		{CB638D5B-359F-4FAD-AA8A-125CA0B40E32}.AppStore|x64.Deploy.0 = Release|x64
		{CB638D5B-359F-4FAD-AA8A-125CA0B40E32}.AppStore|x86.ActiveCfg = Release|x86
		{CB638D5B-359F-4FAD-AA8A-125CA0B40E32}.AppStore|x86.Build.0 = Release|x86
		{CB638D5B-359F-4FAD-AA8A-125CA0B40E32}.AppStore|x86.Deploy.0 = Release|x86
		{CB638D5B-359F-4FAD-AA8A-125CA0B40E32}.Debug|Any CPU.ActiveCfg = Debug|x86
		{CB638D5B-359F-4FAD-AA8A-125CA0B40E32}.Debug|ARM.ActiveCfg = Debug|ARM
		{CB638D5B-359F-4FAD-AA8A-125CA0B40E32}.Debug|ARM.Build.0 = Debug|ARM
		{CB638D5B-359F-4FAD-AA8A-125CA0B40E32}.Debug|ARM.Deploy.0 = Debug|ARM
		{CB638D5B-359F-4FAD-AA8A-125CA0B40E32}.Debug|iPhone.ActiveCfg = Debug|x86
		{CB638D5B-359F-4FAD-AA8A-125CA0B40E32}.Debug|iPhoneSimulator.ActiveCfg = Debug|x86
		{CB638D5B-359F-4FAD-AA8A-125CA0B40E32}.Debug|x64.ActiveCfg = Debug|x64
		{CB638D5B-359F-4FAD-AA8A-125CA0B40E32}.Debug|x64.Build.0 = Debug|x64
		{CB638D5B-359F-4FAD-AA8A-125CA0B40E32}.Debug|x64.Deploy.0 = Debug|x64
		{CB638D5B-359F-4FAD-AA8A-125CA0B40E32}.Debug|x86.ActiveCfg = Debug|x86
		{CB638D5B-359F-4FAD-AA8A-125CA0B40E32}.Debug|x86.Build.0 = Debug|x86
		{CB638D5B-359F-4FAD-AA8A-125CA0B40E32}.Debug|x86.Deploy.0 = Debug|x86
		{CB638D5B-359F-4FAD-AA8A-125CA0B40E32}.Release|Any CPU.ActiveCfg = Release|x86
		{CB638D5B-359F-4FAD-AA8A-125CA0B40E32}.Release|ARM.ActiveCfg = Release|ARM
		{CB638D5B-359F-4FAD-AA8A-125CA0B40E32}.Release|ARM.Build.0 = Release|ARM
		{CB638D5B-359F-4FAD-AA8A-125CA0B40E32}.Release|ARM.Deploy.0 = Release|ARM
		{CB638D5B-359F-4FAD-AA8A-125CA0B40E32}.Release|iPhone.ActiveCfg = Release|x86
		{CB638D5B-359F-4FAD-AA8A-125CA0B40E32}.Release|iPhoneSimulator.ActiveCfg = Release|x86
		{CB638D5B-359F-4FAD-AA8A-125CA0B40E32}.Release|x64.ActiveCfg = Release|x64
		{CB638D5B-359F-4FAD-AA8A-125CA0B40E32}.Release|x64.Build.0 = Release|x64
		{CB638D5B-359F-4FAD-AA8A-125CA0B40E32}.Release|x64.Deploy.0 = Release|x64
		{CB638D5B-359F-4FAD-AA8A-125CA0B40E32}.Release|x86.ActiveCfg = Release|x86
		{CB638D5B-359F-4FAD-AA8A-125CA0B40E32}.Release|x86.Build.0 = Release|x86
		{CB638D5B-359F-4FAD-AA8A-125CA0B40E32}.Release|x86.Deploy.0 = Release|x86
		{458C6C7E-CCA9-4E4D-8854-83BB39D4BC6D}.Ad-Hoc|Any CPU.ActiveCfg = Ad-Hoc|iPhone
		{458C6C7E-CCA9-4E4D-8854-83BB39D4BC6D}.Ad-Hoc|ARM.ActiveCfg = Ad-Hoc|iPhone
		{458C6C7E-CCA9-4E4D-8854-83BB39D4BC6D}.Ad-Hoc|iPhone.ActiveCfg = Ad-Hoc|iPhone
		{458C6C7E-CCA9-4E4D-8854-83BB39D4BC6D}.Ad-Hoc|iPhone.Build.0 = Ad-Hoc|iPhone
		{458C6C7E-CCA9-4E4D-8854-83BB39D4BC6D}.Ad-Hoc|iPhoneSimulator.ActiveCfg = Ad-Hoc|iPhoneSimulator
		{458C6C7E-CCA9-4E4D-8854-83BB39D4BC6D}.Ad-Hoc|iPhoneSimulator.Build.0 = Ad-Hoc|iPhoneSimulator
		{458C6C7E-CCA9-4E4D-8854-83BB39D4BC6D}.Ad-Hoc|x64.ActiveCfg = Ad-Hoc|iPhone
		{458C6C7E-CCA9-4E4D-8854-83BB39D4BC6D}.Ad-Hoc|x86.ActiveCfg = Ad-Hoc|iPhone
		{458C6C7E-CCA9-4E4D-8854-83BB39D4BC6D}.AppStore|Any CPU.ActiveCfg = AppStore|iPhone
		{458C6C7E-CCA9-4E4D-8854-83BB39D4BC6D}.AppStore|ARM.ActiveCfg = AppStore|iPhone
		{458C6C7E-CCA9-4E4D-8854-83BB39D4BC6D}.AppStore|iPhone.ActiveCfg = AppStore|iPhone
		{458C6C7E-CCA9-4E4D-8854-83BB39D4BC6D}.AppStore|iPhone.Build.0 = AppStore|iPhone
		{458C6C7E-CCA9-4E4D-8854-83BB39D4BC6D}.AppStore|iPhoneSimulator.ActiveCfg = AppStore|iPhoneSimulator
		{458C6C7E-CCA9-4E4D-8854-83BB39D4BC6D}.AppStore|iPhoneSimulator.Build.0 = AppStore|iPhoneSimulator
		{458C6C7E-CCA9-4E4D-8854-83BB39D4BC6D}.AppStore|x64.ActiveCfg = AppStore|iPhone
		{458C6C7E-CCA9-4E4D-8854-83BB39D4BC6D}.AppStore|x86.ActiveCfg = AppStore|iPhone
		{458C6C7E-CCA9-4E4D-8854-83BB39D4BC6D}.Debug|Any CPU.ActiveCfg = Debug|iPhone
		{458C6C7E-CCA9-4E4D-8854-83BB39D4BC6D}.Debug|ARM.ActiveCfg = Debug|iPhone
		{458C6C7E-CCA9-4E4D-8854-83BB39D4BC6D}.Debug|iPhone.ActiveCfg = Debug|iPhone
		{458C6C7E-CCA9-4E4D-8854-83BB39D4BC6D}.Debug|iPhone.Build.0 = Debug|iPhone
		{458C6C7E-CCA9-4E4D-8854-83BB39D4BC6D}.Debug|iPhoneSimulator.ActiveCfg = Debug|iPhoneSimulator
		{458C6C7E-CCA9-4E4D-8854-83BB39D4BC6D}.Debug|iPhoneSimulator.Build.0 = Debug|iPhoneSimulator
		{458C6C7E-CCA9-4E4D-8854-83BB39D4BC6D}.Debug|x64.ActiveCfg = Debug|iPhone
		{458C6C7E-CCA9-4E4D-8854-83BB39D4BC6D}.Debug|x86.ActiveCfg = Debug|iPhone
		{458C6C7E-CCA9-4E4D-8854-83BB39D4BC6D}.Release|Any CPU.ActiveCfg = Release|iPhone
		{458C6C7E-CCA9-4E4D-8854-83BB39D4BC6D}.Release|ARM.ActiveCfg = Release|iPhone
		{458C6C7E-CCA9-4E4D-8854-83BB39D4BC6D}.Release|iPhone.ActiveCfg = Release|iPhone
		{458C6C7E-CCA9-4E4D-8854-83BB39D4BC6D}.Release|iPhone.Build.0 = Release|iPhone
		{458C6C7E-CCA9-4E4D-8854-83BB39D4BC6D}.Release|iPhoneSimulator.ActiveCfg = Release|iPhoneSimulator
		{458C6C7E-CCA9-4E4D-8854-83BB39D4BC6D}.Release|iPhoneSimulator.Build.0 = Release|iPhoneSimulator
		{458C6C7E-CCA9-4E4D-8854-83BB39D4BC6D}.Release|x64.ActiveCfg = Release|iPhone
		{458C6C7E-CCA9-4E4D-8854-83BB39D4BC6D}.Release|x86.ActiveCfg = Release|iPhone
	EndGlobalSection
	GlobalSection(SolutionProperties) = preSolution
		HideSolutionNode = FALSE
	EndGlobalSection
EndGlobal
